// !$*UTF8*$!
{
	archiveVersion = 1;
	classes = {
	};
	objectVersion = 56;
	objects = {

/* Begin PBXBuildFile section */
		EF16DA362C58D00600E584FF /* AppDelegate.swift in Sources */ = {isa = PBXBuildFile; fileRef = EF16DA352C58D00600E584FF /* AppDelegate.swift */; };
		EF16DA382C58D00600E584FF /* SceneDelegate.swift in Sources */ = {isa = PBXBuildFile; fileRef = EF16DA372C58D00600E584FF /* SceneDelegate.swift */; };
		EF16DA3A2C58D00600E584FF /* ViewController.swift in Sources */ = {isa = PBXBuildFile; fileRef = EF16DA392C58D00600E584FF /* ViewController.swift */; };
		EF16DA3D2C58D00600E584FF /* Base in Resources */ = {isa = PBXBuildFile; fileRef = EF16DA3C2C58D00600E584FF /* Base */; };
		EF16DA3F2C58D00700E584FF /* Assets.xcassets in Resources */ = {isa = PBXBuildFile; fileRef = EF16DA3E2C58D00700E584FF /* Assets.xcassets */; };
		EF16DA422C58D00700E584FF /* Base in Resources */ = {isa = PBXBuildFile; fileRef = EF16DA412C58D00700E584FF /* Base */; };
		EF16DA4A2C58D37000E584FF /* PickerViewController.swift in Sources */ = {isa = PBXBuildFile; fileRef = EF16DA492C58D37000E584FF /* PickerViewController.swift */; };
		EF16DA4D2C58D3B700E584FF /* SnapKit in Frameworks */ = {isa = PBXBuildFile; productRef = EF16DA4C2C58D3B700E584FF /* SnapKit */; };
		EF16DA502C58D3D100E584FF /* RxCocoa in Frameworks */ = {isa = PBXBuildFile; productRef = EF16DA4F2C58D3D100E584FF /* RxCocoa */; };
		EF16DA522C58D3D100E584FF /* RxSwift in Frameworks */ = {isa = PBXBuildFile; productRef = EF16DA512C58D3D100E584FF /* RxSwift */; };
		EF16DA552C58D9B600E584FF /* BaseViewController.swift in Sources */ = {isa = PBXBuildFile; fileRef = EF16DA542C58D9B600E584FF /* BaseViewController.swift */; };
		EF16DA572C58DB5100E584FF /* TableViewController.swift in Sources */ = {isa = PBXBuildFile; fileRef = EF16DA562C58DB5100E584FF /* TableViewController.swift */; };
		EF16DA592C58E32900E584FF /* UISwitchViewController.swift in Sources */ = {isa = PBXBuildFile; fileRef = EF16DA582C58E32900E584FF /* UISwitchViewController.swift */; };
		EF16DA5B2C58E87D00E584FF /* UITextFieldViewController.swift in Sources */ = {isa = PBXBuildFile; fileRef = EF16DA5A2C58E87D00E584FF /* UITextFieldViewController.swift */; };
/* End PBXBuildFile section */

/* Begin PBXFileReference section */
		EF16DA322C58D00600E584FF /* PracticingRxSwift.app */ = {isa = PBXFileReference; explicitFileType = wrapper.application; includeInIndex = 0; path = PracticingRxSwift.app; sourceTree = BUILT_PRODUCTS_DIR; };
		EF16DA352C58D00600E584FF /* AppDelegate.swift */ = {isa = PBXFileReference; lastKnownFileType = sourcecode.swift; path = AppDelegate.swift; sourceTree = "<group>"; };
		EF16DA372C58D00600E584FF /* SceneDelegate.swift */ = {isa = PBXFileReference; lastKnownFileType = sourcecode.swift; path = SceneDelegate.swift; sourceTree = "<group>"; };
		EF16DA392C58D00600E584FF /* ViewController.swift */ = {isa = PBXFileReference; lastKnownFileType = sourcecode.swift; path = ViewController.swift; sourceTree = "<group>"; };
		EF16DA3C2C58D00600E584FF /* Base */ = {isa = PBXFileReference; lastKnownFileType = file.storyboard; name = Base; path = Base.lproj/Main.storyboard; sourceTree = "<group>"; };
		EF16DA3E2C58D00700E584FF /* Assets.xcassets */ = {isa = PBXFileReference; lastKnownFileType = folder.assetcatalog; path = Assets.xcassets; sourceTree = "<group>"; };
		EF16DA412C58D00700E584FF /* Base */ = {isa = PBXFileReference; lastKnownFileType = file.storyboard; name = Base; path = Base.lproj/LaunchScreen.storyboard; sourceTree = "<group>"; };
		EF16DA432C58D00700E584FF /* Info.plist */ = {isa = PBXFileReference; lastKnownFileType = text.plist.xml; path = Info.plist; sourceTree = "<group>"; };
		EF16DA492C58D37000E584FF /* PickerViewController.swift */ = {isa = PBXFileReference; lastKnownFileType = sourcecode.swift; path = PickerViewController.swift; sourceTree = "<group>"; };
		EF16DA542C58D9B600E584FF /* BaseViewController.swift */ = {isa = PBXFileReference; lastKnownFileType = sourcecode.swift; path = BaseViewController.swift; sourceTree = "<group>"; };
		EF16DA562C58DB5100E584FF /* TableViewController.swift */ = {isa = PBXFileReference; lastKnownFileType = sourcecode.swift; path = TableViewController.swift; sourceTree = "<group>"; };
		EF16DA582C58E32900E584FF /* UISwitchViewController.swift */ = {isa = PBXFileReference; lastKnownFileType = sourcecode.swift; path = UISwitchViewController.swift; sourceTree = "<group>"; };
		EF16DA5A2C58E87D00E584FF /* UITextFieldViewController.swift */ = {isa = PBXFileReference; lastKnownFileType = sourcecode.swift; path = UITextFieldViewController.swift; sourceTree = "<group>"; };
/* End PBXFileReference section */

/* Begin PBXFrameworksBuildPhase section */
		EF16DA2F2C58D00600E584FF /* Frameworks */ = {
			isa = PBXFrameworksBuildPhase;
			buildActionMask = 2147483647;
			files = (
				EF16DA522C58D3D100E584FF /* RxSwift in Frameworks */,
				EF16DA502C58D3D100E584FF /* RxCocoa in Frameworks */,
				EF16DA4D2C58D3B700E584FF /* SnapKit in Frameworks */,
			);
			runOnlyForDeploymentPostprocessing = 0;
		};
/* End PBXFrameworksBuildPhase section */

/* Begin PBXGroup section */
		EF16DA292C58D00600E584FF = {
			isa = PBXGroup;
			children = (
				EF16DA342C58D00600E584FF /* PracticingRxSwift */,
				EF16DA332C58D00600E584FF /* Products */,
			);
			sourceTree = "<group>";
		};
		EF16DA332C58D00600E584FF /* Products */ = {
			isa = PBXGroup;
			children = (
				EF16DA322C58D00600E584FF /* PracticingRxSwift.app */,
			);
			name = Products;
			sourceTree = "<group>";
		};
		EF16DA342C58D00600E584FF /* PracticingRxSwift */ = {
			isa = PBXGroup;
			children = (
				EF16DA352C58D00600E584FF /* AppDelegate.swift */,
				EF16DA372C58D00600E584FF /* SceneDelegate.swift */,
				EF16DA392C58D00600E584FF /* ViewController.swift */,
				EF16DA3B2C58D00600E584FF /* Main.storyboard */,
				EF16DA3E2C58D00700E584FF /* Assets.xcassets */,
				EF16DA402C58D00700E584FF /* LaunchScreen.storyboard */,
				EF16DA532C58D9AD00E584FF /* Base */,
				EF16DA432C58D00700E584FF /* Info.plist */,
				EF16DA492C58D37000E584FF /* PickerViewController.swift */,
				EF16DA562C58DB5100E584FF /* TableViewController.swift */,
				EF16DA582C58E32900E584FF /* UISwitchViewController.swift */,
				EF16DA5A2C58E87D00E584FF /* UITextFieldViewController.swift */,
			);
			path = PracticingRxSwift;
			sourceTree = "<group>";
		};
		EF16DA532C58D9AD00E584FF /* Base */ = {
			isa = PBXGroup;
			children = (
				EF16DA542C58D9B600E584FF /* BaseViewController.swift */,
			);
			path = Base;
			sourceTree = "<group>";
		};
/* End PBXGroup section */

/* Begin PBXNativeTarget section */
		EF16DA312C58D00600E584FF /* PracticingRxSwift */ = {
			isa = PBXNativeTarget;
			buildConfigurationList = EF16DA462C58D00700E584FF /* Build configuration list for PBXNativeTarget "PracticingRxSwift" */;
			buildPhases = (
				EF16DA2E2C58D00600E584FF /* Sources */,
				EF16DA2F2C58D00600E584FF /* Frameworks */,
				EF16DA302C58D00600E584FF /* Resources */,
			);
			buildRules = (
			);
			dependencies = (
			);
			name = PracticingRxSwift;
			packageProductDependencies = (
				EF16DA4C2C58D3B700E584FF /* SnapKit */,
				EF16DA4F2C58D3D100E584FF /* RxCocoa */,
				EF16DA512C58D3D100E584FF /* RxSwift */,
			);
			productName = PracticingRxSwift;
			productReference = EF16DA322C58D00600E584FF /* PracticingRxSwift.app */;
			productType = "com.apple.product-type.application";
		};
/* End PBXNativeTarget section */

/* Begin PBXProject section */
		EF16DA2A2C58D00600E584FF /* Project object */ = {
			isa = PBXProject;
			attributes = {
				BuildIndependentTargetsInParallel = 1;
				LastSwiftUpdateCheck = 1530;
				LastUpgradeCheck = 1530;
				TargetAttributes = {
					EF16DA312C58D00600E584FF = {
						CreatedOnToolsVersion = 15.3;
					};
				};
			};
			buildConfigurationList = EF16DA2D2C58D00600E584FF /* Build configuration list for PBXProject "PracticingRxSwift" */;
			compatibilityVersion = "Xcode 14.0";
			developmentRegion = en;
			hasScannedForEncodings = 0;
			knownRegions = (
				en,
				Base,
			);
			mainGroup = EF16DA292C58D00600E584FF;
			packageReferences = (
				EF16DA4B2C58D3B700E584FF /* XCRemoteSwiftPackageReference "SnapKit" */,
				EF16DA4E2C58D3D100E584FF /* XCRemoteSwiftPackageReference "RxSwift" */,
			);
			productRefGroup = EF16DA332C58D00600E584FF /* Products */;
			projectDirPath = "";
			projectRoot = "";
			targets = (
				EF16DA312C58D00600E584FF /* PracticingRxSwift */,
			);
		};
/* End PBXProject section */

/* Begin PBXResourcesBuildPhase section */
		EF16DA302C58D00600E584FF /* Resources */ = {
			isa = PBXResourcesBuildPhase;
			buildActionMask = 2147483647;
			files = (
				EF16DA3F2C58D00700E584FF /* Assets.xcassets in Resources */,
				EF16DA422C58D00700E584FF /* Base in Resources */,
				EF16DA3D2C58D00600E584FF /* Base in Resources */,
			);
			runOnlyForDeploymentPostprocessing = 0;
		};
/* End PBXResourcesBuildPhase section */

/* Begin PBXSourcesBuildPhase section */
		EF16DA2E2C58D00600E584FF /* Sources */ = {
			isa = PBXSourcesBuildPhase;
			buildActionMask = 2147483647;
			files = (
				EF16DA5B2C58E87D00E584FF /* UITextFieldViewController.swift in Sources */,
				EF16DA552C58D9B600E584FF /* BaseViewController.swift in Sources */,
				EF16DA572C58DB5100E584FF /* TableViewController.swift in Sources */,
				EF16DA3A2C58D00600E584FF /* ViewController.swift in Sources */,
				EF16DA4A2C58D37000E584FF /* PickerViewController.swift in Sources */,
				EF16DA592C58E32900E584FF /* UISwitchViewController.swift in Sources */,
				EF16DA362C58D00600E584FF /* AppDelegate.swift in Sources */,
				EF16DA382C58D00600E584FF /* SceneDelegate.swift in Sources */,
			);
			runOnlyForDeploymentPostprocessing = 0;
		};
/* End PBXSourcesBuildPhase section */

/* Begin PBXVariantGroup section */
		EF16DA3B2C58D00600E584FF /* Main.storyboard */ = {
			isa = PBXVariantGroup;
			children = (
				EF16DA3C2C58D00600E584FF /* Base */,
			);
			name = Main.storyboard;
			sourceTree = "<group>";
		};
		EF16DA402C58D00700E584FF /* LaunchScreen.storyboard */ = {
			isa = PBXVariantGroup;
			children = (
				EF16DA412C58D00700E584FF /* Base */,
			);
			name = LaunchScreen.storyboard;
			sourceTree = "<group>";
		};
/* End PBXVariantGroup section */

/* Begin XCBuildConfiguration section */
		EF16DA442C58D00700E584FF /* Debug */ = {
			isa = XCBuildConfiguration;
			buildSettings = {
				ALWAYS_SEARCH_USER_PATHS = NO;
				ASSETCATALOG_COMPILER_GENERATE_SWIFT_ASSET_SYMBOL_EXTENSIONS = YES;
				CLANG_ANALYZER_NONNULL = YES;
				CLANG_ANALYZER_NUMBER_OBJECT_CONVERSION = YES_AGGRESSIVE;
				CLANG_CXX_LANGUAGE_STANDARD = "gnu++20";
				CLANG_ENABLE_MODULES = YES;
				CLANG_ENABLE_OBJC_ARC = YES;
				CLANG_ENABLE_OBJC_WEAK = YES;
				CLANG_WARN_BLOCK_CAPTURE_AUTORELEASING = YES;
				CLANG_WARN_BOOL_CONVERSION = YES;
				CLANG_WARN_COMMA = YES;
				CLANG_WARN_CONSTANT_CONVERSION = YES;
				CLANG_WARN_DEPRECATED_OBJC_IMPLEMENTATIONS = YES;
				CLANG_WARN_DIRECT_OBJC_ISA_USAGE = YES_ERROR;
				CLANG_WARN_DOCUMENTATION_COMMENTS = YES;
				CLANG_WARN_EMPTY_BODY = YES;
				CLANG_WARN_ENUM_CONVERSION = YES;
				CLANG_WARN_INFINITE_RECURSION = YES;
				CLANG_WARN_INT_CONVERSION = YES;
				CLANG_WARN_NON_LITERAL_NULL_CONVERSION = YES;
				CLANG_WARN_OBJC_IMPLICIT_RETAIN_SELF = YES;
				CLANG_WARN_OBJC_LITERAL_CONVERSION = YES;
				CLANG_WARN_OBJC_ROOT_CLASS = YES_ERROR;
				CLANG_WARN_QUOTED_INCLUDE_IN_FRAMEWORK_HEADER = YES;
				CLANG_WARN_RANGE_LOOP_ANALYSIS = YES;
				CLANG_WARN_STRICT_PROTOTYPES = YES;
				CLANG_WARN_SUSPICIOUS_MOVE = YES;
				CLANG_WARN_UNGUARDED_AVAILABILITY = YES_AGGRESSIVE;
				CLANG_WARN_UNREACHABLE_CODE = YES;
				CLANG_WARN__DUPLICATE_METHOD_MATCH = YES;
				COPY_PHASE_STRIP = NO;
				DEBUG_INFORMATION_FORMAT = dwarf;
				ENABLE_STRICT_OBJC_MSGSEND = YES;
				ENABLE_TESTABILITY = YES;
				ENABLE_USER_SCRIPT_SANDBOXING = YES;
				GCC_C_LANGUAGE_STANDARD = gnu17;
				GCC_DYNAMIC_NO_PIC = NO;
				GCC_NO_COMMON_BLOCKS = YES;
				GCC_OPTIMIZATION_LEVEL = 0;
				GCC_PREPROCESSOR_DEFINITIONS = (
					"DEBUG=1",
					"$(inherited)",
				);
				GCC_WARN_64_TO_32_BIT_CONVERSION = YES;
				GCC_WARN_ABOUT_RETURN_TYPE = YES_ERROR;
				GCC_WARN_UNDECLARED_SELECTOR = YES;
				GCC_WARN_UNINITIALIZED_AUTOS = YES_AGGRESSIVE;
				GCC_WARN_UNUSED_FUNCTION = YES;
				GCC_WARN_UNUSED_VARIABLE = YES;
				IPHONEOS_DEPLOYMENT_TARGET = 17.4;
				LOCALIZATION_PREFERS_STRING_CATALOGS = YES;
				MTL_ENABLE_DEBUG_INFO = INCLUDE_SOURCE;
				MTL_FAST_MATH = YES;
				ONLY_ACTIVE_ARCH = YES;
				SDKROOT = iphoneos;
				SWIFT_ACTIVE_COMPILATION_CONDITIONS = "DEBUG $(inherited)";
				SWIFT_OPTIMIZATION_LEVEL = "-Onone";
			};
			name = Debug;
		};
		EF16DA452C58D00700E584FF /* Release */ = {
			isa = XCBuildConfiguration;
			buildSettings = {
				ALWAYS_SEARCH_USER_PATHS = NO;
				ASSETCATALOG_COMPILER_GENERATE_SWIFT_ASSET_SYMBOL_EXTENSIONS = YES;
				CLANG_ANALYZER_NONNULL = YES;
				CLANG_ANALYZER_NUMBER_OBJECT_CONVERSION = YES_AGGRESSIVE;
				CLANG_CXX_LANGUAGE_STANDARD = "gnu++20";
				CLANG_ENABLE_MODULES = YES;
				CLANG_ENABLE_OBJC_ARC = YES;
				CLANG_ENABLE_OBJC_WEAK = YES;
				CLANG_WARN_BLOCK_CAPTURE_AUTORELEASING = YES;
				CLANG_WARN_BOOL_CONVERSION = YES;
				CLANG_WARN_COMMA = YES;
				CLANG_WARN_CONSTANT_CONVERSION = YES;
				CLANG_WARN_DEPRECATED_OBJC_IMPLEMENTATIONS = YES;
				CLANG_WARN_DIRECT_OBJC_ISA_USAGE = YES_ERROR;
				CLANG_WARN_DOCUMENTATION_COMMENTS = YES;
				CLANG_WARN_EMPTY_BODY = YES;
				CLANG_WARN_ENUM_CONVERSION = YES;
				CLANG_WARN_INFINITE_RECURSION = YES;
				CLANG_WARN_INT_CONVERSION = YES;
				CLANG_WARN_NON_LITERAL_NULL_CONVERSION = YES;
				CLANG_WARN_OBJC_IMPLICIT_RETAIN_SELF = YES;
				CLANG_WARN_OBJC_LITERAL_CONVERSION = YES;
				CLANG_WARN_OBJC_ROOT_CLASS = YES_ERROR;
				CLANG_WARN_QUOTED_INCLUDE_IN_FRAMEWORK_HEADER = YES;
				CLANG_WARN_RANGE_LOOP_ANALYSIS = YES;
				CLANG_WARN_STRICT_PROTOTYPES = YES;
				CLANG_WARN_SUSPICIOUS_MOVE = YES;
				CLANG_WARN_UNGUARDED_AVAILABILITY = YES_AGGRESSIVE;
				CLANG_WARN_UNREACHABLE_CODE = YES;
				CLANG_WARN__DUPLICATE_METHOD_MATCH = YES;
				COPY_PHASE_STRIP = NO;
				DEBUG_INFORMATION_FORMAT = "dwarf-with-dsym";
				ENABLE_NS_ASSERTIONS = NO;
				ENABLE_STRICT_OBJC_MSGSEND = YES;
				ENABLE_USER_SCRIPT_SANDBOXING = YES;
				GCC_C_LANGUAGE_STANDARD = gnu17;
				GCC_NO_COMMON_BLOCKS = YES;
				GCC_WARN_64_TO_32_BIT_CONVERSION = YES;
				GCC_WARN_ABOUT_RETURN_TYPE = YES_ERROR;
				GCC_WARN_UNDECLARED_SELECTOR = YES;
				GCC_WARN_UNINITIALIZED_AUTOS = YES_AGGRESSIVE;
				GCC_WARN_UNUSED_FUNCTION = YES;
				GCC_WARN_UNUSED_VARIABLE = YES;
				IPHONEOS_DEPLOYMENT_TARGET = 17.4;
				LOCALIZATION_PREFERS_STRING_CATALOGS = YES;
				MTL_ENABLE_DEBUG_INFO = NO;
				MTL_FAST_MATH = YES;
				SDKROOT = iphoneos;
				SWIFT_COMPILATION_MODE = wholemodule;
				VALIDATE_PRODUCT = YES;
			};
			name = Release;
		};
		EF16DA472C58D00700E584FF /* Debug */ = {
			isa = XCBuildConfiguration;
			buildSettings = {
				ASSETCATALOG_COMPILER_APPICON_NAME = AppIcon;
				ASSETCATALOG_COMPILER_GLOBAL_ACCENT_COLOR_NAME = AccentColor;
				CODE_SIGN_STYLE = Automatic;
				CURRENT_PROJECT_VERSION = 1;
				GENERATE_INFOPLIST_FILE = YES;
				INFOPLIST_FILE = PracticingRxSwift/Info.plist;
				INFOPLIST_KEY_UIApplicationSupportsIndirectInputEvents = YES;
				INFOPLIST_KEY_UILaunchStoryboardName = LaunchScreen;
				INFOPLIST_KEY_UIMainStoryboardFile = Main;
				INFOPLIST_KEY_UISupportedInterfaceOrientations = UIInterfaceOrientationPortrait;
				INFOPLIST_KEY_UISupportedInterfaceOrientations_iPad = "UIInterfaceOrientationLandscapeLeft UIInterfaceOrientationLandscapeRight UIInterfaceOrientationPortrait UIInterfaceOrientationPortraitUpsideDown";
				IPHONEOS_DEPLOYMENT_TARGET = 15.0;
				LD_RUNPATH_SEARCH_PATHS = (
					"$(inherited)",
					"@executable_path/Frameworks",
				);
				MARKETING_VERSION = 1.0;
				PRODUCT_BUNDLE_IDENTIFIER = com.seunghye.PracticingRxSwift;
				PRODUCT_NAME = "$(TARGET_NAME)";
				SUPPORTED_PLATFORMS = "iphoneos iphonesimulator";
				SUPPORTS_MACCATALYST = NO;
				SUPPORTS_MAC_DESIGNED_FOR_IPHONE_IPAD = NO;
				SUPPORTS_XR_DESIGNED_FOR_IPHONE_IPAD = NO;
				SWIFT_EMIT_LOC_STRINGS = YES;
				SWIFT_VERSION = 5.0;
				TARGETED_DEVICE_FAMILY = 1;
			};
			name = Debug;
		};
		EF16DA482C58D00700E584FF /* Release */ = {
			isa = XCBuildConfiguration;
			buildSettings = {
				ASSETCATALOG_COMPILER_APPICON_NAME = AppIcon;
				ASSETCATALOG_COMPILER_GLOBAL_ACCENT_COLOR_NAME = AccentColor;
				CODE_SIGN_STYLE = Automatic;
				CURRENT_PROJECT_VERSION = 1;
				GENERATE_INFOPLIST_FILE = YES;
				INFOPLIST_FILE = PracticingRxSwift/Info.plist;
				INFOPLIST_KEY_UIApplicationSupportsIndirectInputEvents = YES;
				INFOPLIST_KEY_UILaunchStoryboardName = LaunchScreen;
				INFOPLIST_KEY_UIMainStoryboardFile = Main;
				INFOPLIST_KEY_UISupportedInterfaceOrientations = UIInterfaceOrientationPortrait;
				INFOPLIST_KEY_UISupportedInterfaceOrientations_iPad = "UIInterfaceOrientationLandscapeLeft UIInterfaceOrientationLandscapeRight UIInterfaceOrientationPortrait UIInterfaceOrientationPortraitUpsideDown";
				IPHONEOS_DEPLOYMENT_TARGET = 15.0;
				LD_RUNPATH_SEARCH_PATHS = (
					"$(inherited)",
					"@executable_path/Frameworks",
				);
				MARKETING_VERSION = 1.0;
				PRODUCT_BUNDLE_IDENTIFIER = com.seunghye.PracticingRxSwift;
				PRODUCT_NAME = "$(TARGET_NAME)";
				SUPPORTED_PLATFORMS = "iphoneos iphonesimulator";
				SUPPORTS_MACCATALYST = NO;
				SUPPORTS_MAC_DESIGNED_FOR_IPHONE_IPAD = NO;
				SUPPORTS_XR_DESIGNED_FOR_IPHONE_IPAD = NO;
				SWIFT_EMIT_LOC_STRINGS = YES;
				SWIFT_VERSION = 5.0;
				TARGETED_DEVICE_FAMILY = 1;
			};
			name = Release;
		};
/* End XCBuildConfiguration section */

/* Begin XCConfigurationList section */
		EF16DA2D2C58D00600E584FF /* Build configuration list for PBXProject "PracticingRxSwift" */ = {
			isa = XCConfigurationList;
			buildConfigurations = (
				EF16DA442C58D00700E584FF /* Debug */,
				EF16DA452C58D00700E584FF /* Release */,
			);
			defaultConfigurationIsVisible = 0;
			defaultConfigurationName = Release;
		};
		EF16DA462C58D00700E584FF /* Build configuration list for PBXNativeTarget "PracticingRxSwift" */ = {
			isa = XCConfigurationList;
			buildConfigurations = (
				EF16DA472C58D00700E584FF /* Debug */,
				EF16DA482C58D00700E584FF /* Release */,
			);
			defaultConfigurationIsVisible = 0;
			defaultConfigurationName = Release;
		};
/* End XCConfigurationList section */

/* Begin XCRemoteSwiftPackageReference section */
		EF16DA4B2C58D3B700E584FF /* XCRemoteSwiftPackageReference "SnapKit" */ = {
			isa = XCRemoteSwiftPackageReference;
			repositoryURL = "https://github.com/SnapKit/SnapKit.git";
			requirement = {
				kind = upToNextMajorVersion;
				minimumVersion = 5.7.1;
			};
		};
		EF16DA4E2C58D3D100E584FF /* XCRemoteSwiftPackageReference "RxSwift" */ = {
			isa = XCRemoteSwiftPackageReference;
			repositoryURL = "https://github.com/ReactiveX/RxSwift.git";
			requirement = {
				kind = upToNextMajorVersion;
				minimumVersion = 6.7.1;
			};
		};
/* End XCRemoteSwiftPackageReference section */

/* Begin XCSwiftPackageProductDependency section */
		EF16DA4C2C58D3B700E584FF /* SnapKit */ = {
			isa = XCSwiftPackageProductDependency;
			package = EF16DA4B2C58D3B700E584FF /* XCRemoteSwiftPackageReference "SnapKit" */;
			productName = SnapKit;
		};
		EF16DA4F2C58D3D100E584FF /* RxCocoa */ = {
			isa = XCSwiftPackageProductDependency;
			package = EF16DA4E2C58D3D100E584FF /* XCRemoteSwiftPackageReference "RxSwift" */;
			productName = RxCocoa;
		};
		EF16DA512C58D3D100E584FF /* RxSwift */ = {
			isa = XCSwiftPackageProductDependency;
			package = EF16DA4E2C58D3D100E584FF /* XCRemoteSwiftPackageReference "RxSwift" */;
			productName = RxSwift;
		};
/* End XCSwiftPackageProductDependency section */
	};
	rootObject = EF16DA2A2C58D00600E584FF /* Project object */;
}
